{
  "version": 4,
  "terraform_version": "0.12.9",
  "serial": 20,
  "lineage": "a24b7811-839a-79c7-325f-b3ead802fa25",
  "outputs": {},
  "resources": [
    {
      "mode": "managed",
      "type": "aws_subnet",
      "name": "subnet",
      "provider": "provider.aws",
      "instances": [
        {
          "schema_version": 1,
          "attributes": {
            "arn": "arn:aws:ec2:us-east-1:737362253087:subnet/subnet-003e89b6781bb4890",
            "assign_ipv6_address_on_creation": false,
            "availability_zone": "us-east-1a",
            "availability_zone_id": "use1-az4",
            "cidr_block": "10.0.0.0/16",
            "id": "subnet-003e89b6781bb4890",
            "ipv6_cidr_block": "",
            "ipv6_cidr_block_association_id": "",
            "map_public_ip_on_launch": true,
            "owner_id": "737362253087",
            "tags": {
              "Name": "csye6225-subnet"
            },
            "timeouts": null,
            "vpc_id": "vpc-0bd215dc19bb5f7e0"
          },
          "private": "eyJlMmJmYjczMC1lY2FhLTExZTYtOGY4OC0zNDM2M2JjN2M0YzAiOnsiY3JlYXRlIjo2MDAwMDAwMDAwMDAsImRlbGV0ZSI6MTIwMDAwMDAwMDAwMH0sInNjaGVtYV92ZXJzaW9uIjoiMSJ9",
          "depends_on": [
            "aws_vpc.vpc"
          ]
        }
      ]
    },
    {
      "mode": "managed",
      "type": "aws_vpc",
      "name": "vpc",
      "provider": "provider.aws",
      "instances": [
        {
          "schema_version": 1,
          "attributes": {
            "arn": "arn:aws:ec2:us-east-1:737362253087:vpc/vpc-0bd215dc19bb5f7e0",
            "assign_generated_ipv6_cidr_block": false,
            "cidr_block": "10.0.0.0/16",
            "default_network_acl_id": "acl-03bee03d1026663fa",
            "default_route_table_id": "rtb-0529903809734ad28",
            "default_security_group_id": "sg-07d7a30cb719400b3",
            "dhcp_options_id": "dopt-042de39504f533c04",
            "enable_classiclink": false,
            "enable_classiclink_dns_support": true,
            "enable_dns_hostnames": true,
            "enable_dns_support": true,
            "id": "vpc-0bd215dc19bb5f7e0",
            "instance_tenancy": "default",
            "ipv6_association_id": "",
            "ipv6_cidr_block": "",
            "main_route_table_id": "rtb-0529903809734ad28",
            "owner_id": "737362253087",
            "tags": {
              "Name": "csye6225-vpc"
            }
          },
          "private": "eyJzY2hlbWFfdmVyc2lvbiI6IjEifQ=="
        }
      ]
    }
  ]
}
