{
  "version": 4,
  "terraform_version": "0.12.9",
  "serial": 14,
  "lineage": "a24b7811-839a-79c7-325f-b3ead802fa25",
  "outputs": {},
  "resources": [
    {
      "mode": "managed",
      "type": "aws_subnet",
      "name": "subnet",
      "provider": "provider.aws",
      "instances": [
        {
          "schema_version": 1,
          "attributes": {
            "arn": "arn:aws:ec2:us-east-1:994283375875:subnet/subnet-0c1a1a113db8a8d16",
            "assign_ipv6_address_on_creation": false,
            "availability_zone": "us-east-1a",
            "availability_zone_id": "use1-az2",
            "cidr_block": "10.10.0.0/16",
            "id": "subnet-0c1a1a113db8a8d16",
            "ipv6_cidr_block": "",
            "ipv6_cidr_block_association_id": "",
            "map_public_ip_on_launch": true,
            "owner_id": "994283375875",
            "tags": {
              "Name": "csye6225-subnet"
            },
            "timeouts": null,
            "vpc_id": "vpc-09a9dd386dac01e7c"
          },
          "private": "eyJlMmJmYjczMC1lY2FhLTExZTYtOGY4OC0zNDM2M2JjN2M0YzAiOnsiY3JlYXRlIjo2MDAwMDAwMDAwMDAsImRlbGV0ZSI6MTIwMDAwMDAwMDAwMH0sInNjaGVtYV92ZXJzaW9uIjoiMSJ9",
          "depends_on": [
            "aws_vpc.vpc"
          ]
        }
      ]
    },
    {
      "mode": "managed",
      "type": "aws_vpc",
      "name": "vpc",
      "provider": "provider.aws",
      "instances": [
        {
          "schema_version": 1,
          "attributes": {
            "arn": "arn:aws:ec2:us-east-1:994283375875:vpc/vpc-09a9dd386dac01e7c",
            "assign_generated_ipv6_cidr_block": false,
            "cidr_block": "10.10.0.0/16",
            "default_network_acl_id": "acl-0b0371cff5fa361ca",
            "default_route_table_id": "rtb-0d397ce78fa248655",
            "default_security_group_id": "sg-0d4789e326f66e41e",
            "dhcp_options_id": "dopt-e054bf9a",
            "enable_classiclink": false,
            "enable_classiclink_dns_support": true,
            "enable_dns_hostnames": true,
            "enable_dns_support": true,
            "id": "vpc-09a9dd386dac01e7c",
            "instance_tenancy": "default",
            "ipv6_association_id": "",
            "ipv6_cidr_block": "",
            "main_route_table_id": "rtb-0d397ce78fa248655",
            "owner_id": "994283375875",
            "tags": {
              "Name": "csye6225-vpc"
            }
          },
          "private": "eyJzY2hlbWFfdmVyc2lvbiI6IjEifQ=="
        }
      ]
    }
  ]
}
